
Microsoft Visual Studio Solution File, Format Version 12.00
# Visual Studio Version 16
VisualStudioVersion = 16.0.29519.181
MinimumVisualStudioVersion = 10.0.40219.1
Project("{FAE04EC0-301F-11D3-BF4B-00C04F79EFBC}") = "Graphics", "Graphics\Graphics.csproj", "{3DE68502-1F1E-47AF-A815-A228D7A4BB92}"
EndProject
Global
	GlobalSection(SolutionConfigurationPlatforms) = preSolution
		Debug|Any CPU = Debug|Any CPU
		Release|Any CPU = Release|Any CPU
	EndGlobalSection
	GlobalSection(ProjectConfigurationPlatforms) = postSolution
		{3DE68502-1F1E-47AF-A815-A228D7A4BB92}.Debug|Any CPU.ActiveCfg = Debug|Any CPU
		{3DE68502-1F1E-47AF-A815-A228D7A4BB92}.Debug|Any CPU.Build.0 = Debug|Any CPU
		{3DE68502-1F1E-47AF-A815-A228D7A4BB92}.Release|Any CPU.ActiveCfg = Release|Any CPU
		{3DE68502-1F1E-47AF-A815-A228D7A4BB92}.Release|Any CPU.Build.0 = Release|Any CPU
	EndGlobalSection
	GlobalSection(SolutionProperties) = preSolution
		HideSolutionNode = FALSE
	EndGlobalSection
	GlobalSection(ExtensibilityGlobals) = postSolution
		SolutionGuid = {C0D61BA6-466B-487D-836B-AD00078926D7}
	EndGlobalSection
EndGlobal
