
Microsoft Visual Studio Solution File, Format Version 12.00
# Visual Studio Version 16
VisualStudioVersion = 16.0.29519.181
MinimumVisualStudioVersion = 10.0.40219.1
Project("{FAE04EC0-301F-11D3-BF4B-00C04F79EFBC}") = "PresentationRepresentation", "PresentationRepresentation\PresentationRepresentation.csproj", "{CCD1D454-0A47-4897-9EB0-C895E0C2FDEA}"
EndProject
Global
	GlobalSection(SolutionConfigurationPlatforms) = preSolution
		Debug|Any CPU = Debug|Any CPU
		Release|Any CPU = Release|Any CPU
	EndGlobalSection
	GlobalSection(ProjectConfigurationPlatforms) = postSolution
		{CCD1D454-0A47-4897-9EB0-C895E0C2FDEA}.Debug|Any CPU.ActiveCfg = Debug|Any CPU
		{CCD1D454-0A47-4897-9EB0-C895E0C2FDEA}.Debug|Any CPU.Build.0 = Debug|Any CPU
		{CCD1D454-0A47-4897-9EB0-C895E0C2FDEA}.Release|Any CPU.ActiveCfg = Release|Any CPU
		{CCD1D454-0A47-4897-9EB0-C895E0C2FDEA}.Release|Any CPU.Build.0 = Release|Any CPU
	EndGlobalSection
	GlobalSection(SolutionProperties) = preSolution
		HideSolutionNode = FALSE
	EndGlobalSection
	GlobalSection(ExtensibilityGlobals) = postSolution
		SolutionGuid = {9AD5B765-5064-4138-AC0D-22EC349E6430}
	EndGlobalSection
EndGlobal
