
Microsoft Visual Studio Solution File, Format Version 12.00
# Visual Studio Version 16
VisualStudioVersion = 16.0.29519.181
MinimumVisualStudioVersion = 10.0.40219.1
Project("{FAE04EC0-301F-11D3-BF4B-00C04F79EFBC}") = "PizzaShop", "PizzaShop\PizzaShop.csproj", "{14ECF17F-9DA6-4133-B18A-F2B859ABF4BB}"
EndProject
Global
	GlobalSection(SolutionConfigurationPlatforms) = preSolution
		Debug|Any CPU = Debug|Any CPU
		Release|Any CPU = Release|Any CPU
	EndGlobalSection
	GlobalSection(ProjectConfigurationPlatforms) = postSolution
		{14ECF17F-9DA6-4133-B18A-F2B859ABF4BB}.Debug|Any CPU.ActiveCfg = Debug|Any CPU
		{14ECF17F-9DA6-4133-B18A-F2B859ABF4BB}.Debug|Any CPU.Build.0 = Debug|Any CPU
		{14ECF17F-9DA6-4133-B18A-F2B859ABF4BB}.Release|Any CPU.ActiveCfg = Release|Any CPU
		{14ECF17F-9DA6-4133-B18A-F2B859ABF4BB}.Release|Any CPU.Build.0 = Release|Any CPU
	EndGlobalSection
	GlobalSection(SolutionProperties) = preSolution
		HideSolutionNode = FALSE
	EndGlobalSection
	GlobalSection(ExtensibilityGlobals) = postSolution
		SolutionGuid = {755D44BC-E077-4874-9DD2-C0D411CC2772}
	EndGlobalSection
EndGlobal
